PODS:
  - Alamofire (4.4.0)
  - BTNavigationDropdownMenu (0.4.1)
  - HCSStarRatingView (1.5)
  - MJRefresh (3.1.12)
  - pop (1.0.9)
  - SwiftyJSON (3.1.4)

DEPENDENCIES:
  - Alamofire
  - BTNavigationDropdownMenu (from `https://github.com/PhamBaTho/BTNavigationDropdownMenu.git`, branch `swift-3.0`)
  - HCSStarRatingView
  - MJRefresh
  - pop
  - SwiftyJSON

EXTERNAL SOURCES:
  BTNavigationDropdownMenu:
    :branch: swift-3.0
    :git: https://github.com/PhamBaTho/BTNavigationDropdownMenu.git

CHECKOUT OPTIONS:
  BTNavigationDropdownMenu:
    :commit: 2c08c8579cf7a53ecb3dbf578e6e1034080a9859
    :git: https://github.com/PhamBaTho/BTNavigationDropdownMenu.git

SPEC CHECKSUMS:
  Alamofire: dc44b1600b800eb63da6a19039a0083d62a6a62d
  BTNavigationDropdownMenu: 093f3cbfad1572f2c222bdf8d17584d1e13380d4
  HCSStarRatingView: 1d18f79654735514cd6f00e6d90e38cb6320dc31
  MJRefresh: b96cdb21c4aa75a7b07654311ab2f315c497e806
  pop: f667631a5108a2e60d9e8797c9b32ddaf2080bce
  SwiftyJSON: c2842d878f95482ffceec5709abc3d05680c0220

PODFILE CHECKSUM: 67d3767fc7c9d8583a9da5be8aa60ff20be8d644

COCOAPODS: 1.2.0
